<?xml version="1.0" encoding="utf-8"?>
<Project ToolsVersion="4.0" xmlns="http://schemas.microsoft.com/developer/msbuild/2003">
  <ItemGroup>
    <Filter Include="Source Files">
      <UniqueIdentifier>{4FC737F1-C7A5-4376-A066-2A32D752A2FF}</UniqueIdentifier>
      <Extensions>cpp;c;cc;cxx;def;odl;idl;hpj;bat;asm;asmx</Extensions>
    </Filter>
    <Filter Include="Header Files">
      <UniqueIdentifier>{93995380-89BD-4b04-88EB-625FBE52EBFB}</UniqueIdentifier>
      <Extensions>h;hpp;hxx;hm;inl;inc;xsd</Extensions>
    </Filter>
    <Filter Include="Resource Files">
      <UniqueIdentifier>{67DA6AB6-F800-4c08-8B7A-83BB121AAD01}</UniqueIdentifier>
      <Extensions>rc;ico;cur;bmp;dlg;rc2;rct;bin;rgs;gif;jpg;jpeg;jpe;resx;tiff;tif;png;wav;mfcribbon-ms</Extensions>
    </Filter>
    <Filter Include="Header Files\updl">
      <UniqueIdentifier>{8d7b767e-bb52-460b-b652-dd3ec26e649d}</UniqueIdentifier>
    </Filter>
    <Filter Include="Source Files\updl">
      <UniqueIdentifier>{d6ecabc2-d478-46b2-b2fb-88675c6c2176}</UniqueIdentifier>
    </Filter>
  </ItemGroup>
  <ItemGroup>
    <ClCompile Include="source\evu-console.cpp">
      <Filter>Source Files</Filter>
    </ClCompile>
    <ClCompile Include="source\languages.cpp">
      <Filter>Source Files</Filter>
    </ClCompile>
    <ClCompile Include="source\misc.cpp">
      <Filter>Source Files</Filter>
    </ClCompile>
    <ClCompile Include="source\updl\downloader.cpp">
      <Filter>Source Files\updl</Filter>
    </ClCompile>
    <ClCompile Include="source\con-main.cpp">
      <Filter>Source Files</Filter>
    </ClCompile>
    <ClCompile Include="source\updl\updater.cpp">
      <Filter>Source Files\updl</Filter>
    </ClCompile>
  </ItemGroup>
  <ItemGroup>
    <ClInclude Include="source\languages.hpp">
      <Filter>Header Files</Filter>
    </ClInclude>
    <ClInclude Include="source\misc.hpp">
      <Filter>Header Files</Filter>
    </ClInclude>
    <ClInclude Include="source\types.hpp">
      <Filter>Header Files</Filter>
    </ClInclude>
    <ClInclude Include="source\updl\downloader.hpp">
      <Filter>Header Files\updl</Filter>
    </ClInclude>
    <ClInclude Include="source\con-main.hpp">
      <Filter>Header Files</Filter>
    </ClInclude>
    <ClInclude Include="source\updl\updater.hpp">
      <Filter>Header Files\updl</Filter>
    </ClInclude>
  </ItemGroup>
  <ItemGroup>
    <None Include="resources\EvilUpdater.ico">
      <Filter>Resource Files</Filter>
    </None>
  </ItemGroup>
</Project>