<?xml version="1.0" encoding="utf-8"?>
<Project ToolsVersion="4.0" xmlns="http://schemas.microsoft.com/developer/msbuild/2003">
  <ItemGroup>
    <Filter Include="Resource Files">
      <UniqueIdentifier>{9e3aad5c-d5ac-4fa9-925f-6ac61f032c04}</UniqueIdentifier>
    </Filter>
    <Filter Include="Header Files">
      <UniqueIdentifier>{4e0aae52-5324-4b43-b534-dd0ec03a7274}</UniqueIdentifier>
    </Filter>
    <Filter Include="Source Files">
      <UniqueIdentifier>{99f905c8-642b-4ebe-8f92-188cd94b617e}</UniqueIdentifier>
    </Filter>
  </ItemGroup>
  <ItemGroup>
    <ClCompile Include="source\_updater.cpp">
      <Filter>Source Files</Filter>
    </ClCompile>
    <ClCompile Include="source\__EvilUpdater.cpp">
      <Filter>Source Files</Filter>
    </ClCompile>
    <ClCompile Include="source\_downloader.cpp">
      <Filter>Source Files</Filter>
    </ClCompile>
    <ClCompile Include="source\console.language.cpp">
      <Filter>Source Files</Filter>
    </ClCompile>
    <ClCompile Include="source\console.main.cpp">
      <Filter>Source Files</Filter>
    </ClCompile>
    <ClCompile Include="source\console.misc.cpp">
      <Filter>Source Files</Filter>
    </ClCompile>
    <ClCompile Include="source\_misc.cpp">
      <Filter>Source Files</Filter>
    </ClCompile>
    <ClCompile Include="source\_basic_downloader.cpp">
      <Filter>Source Files</Filter>
    </ClCompile>
  </ItemGroup>
  <ItemGroup>
    <ClInclude Include="source\__types.hpp">
      <Filter>Header Files</Filter>
    </ClInclude>
    <ClInclude Include="source\_downloader.hpp">
      <Filter>Header Files</Filter>
    </ClInclude>
    <ClInclude Include="source\_misc.hpp">
      <Filter>Header Files</Filter>
    </ClInclude>
    <ClInclude Include="source\_updater.hpp">
      <Filter>Header Files</Filter>
    </ClInclude>
    <ClInclude Include="source\console.language.hpp">
      <Filter>Header Files</Filter>
    </ClInclude>
    <ClInclude Include="source\console.main.hpp">
      <Filter>Header Files</Filter>
    </ClInclude>
    <ClInclude Include="source\console.misc.hpp">
      <Filter>Header Files</Filter>
    </ClInclude>
    <ClInclude Include="source\_basic_downloader.hpp">
      <Filter>Header Files</Filter>
    </ClInclude>
  </ItemGroup>
  <ItemGroup>
    <None Include="resources\EvilUpdater.ico">
      <Filter>Resource Files</Filter>
    </None>
  </ItemGroup>
</Project>